// !$*UTF8*$!
{
	archiveVersion = 1;
	classes = {
	};
	objectVersion = 46;
	objects = {

/* Begin PBXBuildFile section */
		C1B148501CD774510079A1EA /* AppDelegate.swift in Sources */ = {isa = PBXBuildFile; fileRef = C1B1484F1CD774510079A1EA /* AppDelegate.swift */; };
		C1B148521CD774510079A1EA /* ViewController.swift in Sources */ = {isa = PBXBuildFile; fileRef = C1B148511CD774510079A1EA /* ViewController.swift */; };
		C1B148551CD774510079A1EA /* Main.storyboard in Resources */ = {isa = PBXBuildFile; fileRef = C1B148531CD774510079A1EA /* Main.storyboard */; };
		C1B148571CD774510079A1EA /* Assets.xcassets in Resources */ = {isa = PBXBuildFile; fileRef = C1B148561CD774510079A1EA /* Assets.xcassets */; };
		C1B1485A1CD774510079A1EA /* LaunchScreen.storyboard in Resources */ = {isa = PBXBuildFile; fileRef = C1B148581CD774510079A1EA /* LaunchScreen.storyboard */; };
/* End PBXBuildFile section */

/* Begin PBXFileReference section */
		C1B1484C1CD774510079A1EA /* DeviceStatus.app */ = {isa = PBXFileReference; explicitFileType = wrapper.application; includeInIndex = 0; path = DeviceStatus.app; sourceTree = BUILT_PRODUCTS_DIR; };
		C1B1484F1CD774510079A1EA /* AppDelegate.swift */ = {isa = PBXFileReference; lastKnownFileType = sourcecode.swift; path = AppDelegate.swift; sourceTree = "<group>"; };
		C1B148511CD774510079A1EA /* ViewController.swift */ = {isa = PBXFileReference; lastKnownFileType = sourcecode.swift; path = ViewController.swift; sourceTree = "<group>"; };
		C1B148541CD774510079A1EA /* Base */ = {isa = PBXFileReference; lastKnownFileType = file.storyboard; name = Base; path = Base.lproj/Main.storyboard; sourceTree = "<group>"; };
		C1B148561CD774510079A1EA /* Assets.xcassets */ = {isa = PBXFileReference; lastKnownFileType = folder.assetcatalog; path = Assets.xcassets; sourceTree = "<group>"; };
		C1B148591CD774510079A1EA /* Base */ = {isa = PBXFileReference; lastKnownFileType = file.storyboard; name = Base; path = Base.lproj/LaunchScreen.storyboard; sourceTree = "<group>"; };
		C1B1485B1CD774510079A1EA /* Info.plist */ = {isa = PBXFileReference; lastKnownFileType = text.plist.xml; path = Info.plist; sourceTree = "<group>"; };
/* End PBXFileReference section */

/* Begin PBXFrameworksBuildPhase section */
		C1B148491CD774510079A1EA /* Frameworks */ = {
			isa = PBXFrameworksBuildPhase;
			buildActionMask = 2147483647;
			files = (
			);
			runOnlyForDeploymentPostprocessing = 0;
		};
/* End PBXFrameworksBuildPhase section */

/* Begin PBXGroup section */
		C1B148431CD774510079A1EA = {
			isa = PBXGroup;
			children = (
				C1B1484E1CD774510079A1EA /* DeviceStatus */,
				C1B1484D1CD774510079A1EA /* Products */,
			);
			sourceTree = "<group>";
		};
		C1B1484D1CD774510079A1EA /* Products */ = {
			isa = PBXGroup;
			children = (
				C1B1484C1CD774510079A1EA /* DeviceStatus.app */,
			);
			name = Products;
			sourceTree = "<group>";
		};
		C1B1484E1CD774510079A1EA /* DeviceStatus */ = {
			isa = PBXGroup;
			children = (
				C1B1484F1CD774510079A1EA /* AppDelegate.swift */,
				C1B148511CD774510079A1EA /* ViewController.swift */,
				C1B148531CD774510079A1EA /* Main.storyboard */,
				C1B148561CD774510079A1EA /* Assets.xcassets */,
				C1B148581CD774510079A1EA /* LaunchScreen.storyboard */,
				C1B1485B1CD774510079A1EA /* Info.plist */,
			);
			path = DeviceStatus;
			sourceTree = "<group>";
		};
/* End PBXGroup section */

/* Begin PBXNativeTarget section */
		C1B1484B1CD774510079A1EA /* DeviceStatus */ = {
			isa = PBXNativeTarget;
			buildConfigurationList = C1B1485E1CD774510079A1EA /* Build configuration list for PBXNativeTarget "DeviceStatus" */;
			buildPhases = (
				C1B148481CD774510079A1EA /* Sources */,
				C1B148491CD774510079A1EA /* Frameworks */,
				C1B1484A1CD774510079A1EA /* Resources */,
			);
			buildRules = (
			);
			dependencies = (
			);
			name = DeviceStatus;
			productName = DeviceStatus;
			productReference = C1B1484C1CD774510079A1EA /* DeviceStatus.app */;
			productType = "com.apple.product-type.application";
		};
/* End PBXNativeTarget section */

/* Begin PBXProject section */
		C1B148441CD774510079A1EA /* Project object */ = {
			isa = PBXProject;
			attributes = {
				LastSwiftUpdateCheck = 0730;
				LastUpgradeCheck = 0730;
				ORGANIZATIONNAME = Swifter;
				TargetAttributes = {
					C1B1484B1CD774510079A1EA = {
						CreatedOnToolsVersion = 7.3;
					};
				};
			};
			buildConfigurationList = C1B148471CD774510079A1EA /* Build configuration list for PBXProject "DeviceStatus" */;
			compatibilityVersion = "Xcode 3.2";
			developmentRegion = English;
			hasScannedForEncodings = 0;
			knownRegions = (
				en,
				Base,
			);
			mainGroup = C1B148431CD774510079A1EA;
			productRefGroup = C1B1484D1CD774510079A1EA /* Products */;
			projectDirPath = "";
			projectRoot = "";
			targets = (
				C1B1484B1CD774510079A1EA /* DeviceStatus */,
			);
		};
/* End PBXProject section */

/* Begin PBXResourcesBuildPhase section */
		C1B1484A1CD774510079A1EA /* Resources */ = {
			isa = PBXResourcesBuildPhase;
			buildActionMask = 2147483647;
			files = (
				C1B1485A1CD774510079A1EA /* LaunchScreen.storyboard in Resources */,
				C1B148571CD774510079A1EA /* Assets.xcassets in Resources */,
				C1B148551CD774510079A1EA /* Main.storyboard in Resources */,
			);
			runOnlyForDeploymentPostprocessing = 0;
		};
/* End PBXResourcesBuildPhase section */

/* Begin PBXSourcesBuildPhase section */
		C1B148481CD774510079A1EA /* Sources */ = {
			isa = PBXSourcesBuildPhase;
			buildActionMask = 2147483647;
			files = (
				C1B148521CD774510079A1EA /* ViewController.swift in Sources */,
				C1B148501CD774510079A1EA /* AppDelegate.swift in Sources */,
			);
			runOnlyForDeploymentPostprocessing = 0;
		};
/* End PBXSourcesBuildPhase section */

/* Begin PBXVariantGroup section */
		C1B148531CD774510079A1EA /* Main.storyboard */ = {
			isa = PBXVariantGroup;
			children = (
				C1B148541CD774510079A1EA /* Base */,
			);
			name = Main.storyboard;
			sourceTree = "<group>";
		};
		C1B148581CD774510079A1EA /* LaunchScreen.storyboard */ = {
			isa = PBXVariantGroup;
			children = (
				C1B148591CD774510079A1EA /* Base */,
			);
			name = LaunchScreen.storyboard;
			sourceTree = "<group>";
		};
/* End PBXVariantGroup section */

/* Begin XCBuildConfiguration section */
		C1B1485C1CD774510079A1EA /* Debug */ = {
			isa = XCBuildConfiguration;
			buildSettings = {
				ALWAYS_SEARCH_USER_PATHS = NO;
				CLANG_ANALYZER_NONNULL = YES;
				CLANG_CXX_LANGUAGE_STANDARD = "gnu++0x";
				CLANG_CXX_LIBRARY = "libc++";
				CLANG_ENABLE_MODULES = YES;
				CLANG_ENABLE_OBJC_ARC = YES;
				CLANG_WARN_BOOL_CONVERSION = YES;
				CLANG_WARN_CONSTANT_CONVERSION = YES;
				CLANG_WARN_DIRECT_OBJC_ISA_USAGE = YES_ERROR;
				CLANG_WARN_EMPTY_BODY = YES;
				CLANG_WARN_ENUM_CONVERSION = YES;
				CLANG_WARN_INT_CONVERSION = YES;
				CLANG_WARN_OBJC_ROOT_CLASS = YES_ERROR;
				CLANG_WARN_UNREACHABLE_CODE = YES;
				CLANG_WARN__DUPLICATE_METHOD_MATCH = YES;
				"CODE_SIGN_IDENTITY[sdk=iphoneos*]" = "iPhone Developer";
				COPY_PHASE_STRIP = NO;
				DEBUG_INFORMATION_FORMAT = dwarf;
				ENABLE_STRICT_OBJC_MSGSEND = YES;
				ENABLE_TESTABILITY = YES;
				GCC_C_LANGUAGE_STANDARD = gnu99;
				GCC_DYNAMIC_NO_PIC = NO;
				GCC_NO_COMMON_BLOCKS = YES;
				GCC_OPTIMIZATION_LEVEL = 0;
				GCC_PREPROCESSOR_DEFINITIONS = (
					"DEBUG=1",
					"$(inherited)",
				);
				GCC_WARN_64_TO_32_BIT_CONVERSION = YES;
				GCC_WARN_ABOUT_RETURN_TYPE = YES_ERROR;
				GCC_WARN_UNDECLARED_SELECTOR = YES;
				GCC_WARN_UNINITIALIZED_AUTOS = YES_AGGRESSIVE;
				GCC_WARN_UNUSED_FUNCTION = YES;
				GCC_WARN_UNUSED_VARIABLE = YES;
				IPHONEOS_DEPLOYMENT_TARGET = 9.3;
				MTL_ENABLE_DEBUG_INFO = YES;
				ONLY_ACTIVE_ARCH = YES;
				SDKROOT = iphoneos;
				SWIFT_OPTIMIZATION_LEVEL = "-Onone";
				TARGETED_DEVICE_FAMILY = "1,2";
			};
			name = Debug;
		};
		C1B1485D1CD774510079A1EA /* Release */ = {
			isa = XCBuildConfiguration;
			buildSettings = {
				ALWAYS_SEARCH_USER_PATHS = NO;
				CLANG_ANALYZER_NONNULL = YES;
				CLANG_CXX_LANGUAGE_STANDARD = "gnu++0x";
				CLANG_CXX_LIBRARY = "libc++";
				CLANG_ENABLE_MODULES = YES;
				CLANG_ENABLE_OBJC_ARC = YES;
				CLANG_WARN_BOOL_CONVERSION = YES;
				CLANG_WARN_CONSTANT_CONVERSION = YES;
				CLANG_WARN_DIRECT_OBJC_ISA_USAGE = YES_ERROR;
				CLANG_WARN_EMPTY_BODY = YES;
				CLANG_WARN_ENUM_CONVERSION = YES;
				CLANG_WARN_INT_CONVERSION = YES;
				CLANG_WARN_OBJC_ROOT_CLASS = YES_ERROR;
				CLANG_WARN_UNREACHABLE_CODE = YES;
				CLANG_WARN__DUPLICATE_METHOD_MATCH = YES;
				"CODE_SIGN_IDENTITY[sdk=iphoneos*]" = "iPhone Developer";
				COPY_PHASE_STRIP = NO;
				DEBUG_INFORMATION_FORMAT = "dwarf-with-dsym";
				ENABLE_NS_ASSERTIONS = NO;
				ENABLE_STRICT_OBJC_MSGSEND = YES;
				GCC_C_LANGUAGE_STANDARD = gnu99;
				GCC_NO_COMMON_BLOCKS = YES;
				GCC_WARN_64_TO_32_BIT_CONVERSION = YES;
				GCC_WARN_ABOUT_RETURN_TYPE = YES_ERROR;
				GCC_WARN_UNDECLARED_SELECTOR = YES;
				GCC_WARN_UNINITIALIZED_AUTOS = YES_AGGRESSIVE;
				GCC_WARN_UNUSED_FUNCTION = YES;
				GCC_WARN_UNUSED_VARIABLE = YES;
				IPHONEOS_DEPLOYMENT_TARGET = 9.3;
				MTL_ENABLE_DEBUG_INFO = NO;
				SDKROOT = iphoneos;
				TARGETED_DEVICE_FAMILY = "1,2";
				VALIDATE_PRODUCT = YES;
			};
			name = Release;
		};
		C1B1485F1CD774510079A1EA /* Debug */ = {
			isa = XCBuildConfiguration;
			buildSettings = {
				ASSETCATALOG_COMPILER_APPICON_NAME = AppIcon;
				INFOPLIST_FILE = DeviceStatus/Info.plist;
				LD_RUNPATH_SEARCH_PATHS = "$(inherited) @executable_path/Frameworks";
				PRODUCT_BUNDLE_IDENTIFIER = kr.swifter.DeviceStatus;
				PRODUCT_NAME = "$(TARGET_NAME)";
			};
			name = Debug;
		};
		C1B148601CD774510079A1EA /* Release */ = {
			isa = XCBuildConfiguration;
			buildSettings = {
				ASSETCATALOG_COMPILER_APPICON_NAME = AppIcon;
				INFOPLIST_FILE = DeviceStatus/Info.plist;
				LD_RUNPATH_SEARCH_PATHS = "$(inherited) @executable_path/Frameworks";
				PRODUCT_BUNDLE_IDENTIFIER = kr.swifter.DeviceStatus;
				PRODUCT_NAME = "$(TARGET_NAME)";
			};
			name = Release;
		};
/* End XCBuildConfiguration section */

/* Begin XCConfigurationList section */
		C1B148471CD774510079A1EA /* Build configuration list for PBXProject "DeviceStatus" */ = {
			isa = XCConfigurationList;
			buildConfigurations = (
				C1B1485C1CD774510079A1EA /* Debug */,
				C1B1485D1CD774510079A1EA /* Release */,
			);
			defaultConfigurationIsVisible = 0;
			defaultConfigurationName = Release;
		};
		C1B1485E1CD774510079A1EA /* Build configuration list for PBXNativeTarget "DeviceStatus" */ = {
			isa = XCConfigurationList;
			buildConfigurations = (
				C1B1485F1CD774510079A1EA /* Debug */,
				C1B148601CD774510079A1EA /* Release */,
			);
			defaultConfigurationIsVisible = 0;
		};
/* End XCConfigurationList section */
	};
	rootObject = C1B148441CD774510079A1EA /* Project object */;
}
